# THIS IS AN AUTOGENERATED FILE. DO NOT EDIT THIS FILE DIRECTLY.
# yarn lockfile v1


typecript@^0.0.1-security:
  version "0.0.1-security"
  resolved "https://registry.yarnpkg.com/typecript/-/typecript-0.0.1-security.tgz#b363125e19f0516e927d99aa1546044cc0cb9595"
  integrity sha512-88WUWdO0zl/cC+X44m7TJkNssn0sTwZOSAyZu7ZmY6BfGJ4idVWJGjFmd6wEjS3yhWUYrAszzNMHZMIJ7h3ycg==
